{
  "version": 4,
  "terraform_version": "1.11.0",
  "serial": 1,
  "lineage": "21491637-726a-ae01-9aa6-5cd78b5d4daa",
  "outputs": {},
  "resources": [
    {
      "mode": "managed",
      "type": "aws_vpc",
      "name": "main",
      "provider": "provider[\"registry.terraform.io/hashicorp/aws\"]",
      "instances": [
        {
          "schema_version": 1,
          "attributes": {
            "arn": "arn:aws:ec2:ap-northeast-2:533616270150:vpc/vpc-0fc57e8e5d7379f40",
            "assign_generated_ipv6_cidr_block": false,
            "cidr_block": "100.0.0.0/16",
            "default_network_acl_id": "acl-06ba1f19ff8aa5618",
            "default_route_table_id": "rtb-0e367f8f76252fd10",
            "default_security_group_id": "sg-044d5fbf965e3da38",
            "dhcp_options_id": "dopt-06d4e6723004f960f",
            "enable_dns_hostnames": true,
            "enable_dns_support": true,
            "enable_network_address_usage_metrics": false,
            "id": "vpc-0fc57e8e5d7379f40",
            "instance_tenancy": "default",
            "ipv4_ipam_pool_id": null,
            "ipv4_netmask_length": null,
            "ipv6_association_id": "",
            "ipv6_cidr_block": "",
            "ipv6_cidr_block_network_border_group": "",
            "ipv6_ipam_pool_id": "",
            "ipv6_netmask_length": 0,
            "main_route_table_id": "rtb-0e367f8f76252fd10",
            "owner_id": "533616270150",
            "tags": {
              "Name": "osj-terraform-with-cp-vpc"
            },
            "tags_all": {
              "Name": "osj-terraform-with-cp-vpc"
            }
          },
          "sensitive_attributes": [],
          "private": "eyJzY2hlbWFfdmVyc2lvbiI6IjEifQ=="
        }
      ]
    }
  ],
  "check_results": null
}
